
Microsoft Visual Studio Solution File, Format Version 12.00
# Visual Studio 15
VisualStudioVersion = 15.0.26014.0
MinimumVisualStudioVersion = 10.0.40219.1
Project("{FAE04EC0-301F-11D3-BF4B-00C04F79EFBC}") = "Tune_Site", "Tune_Site\Tune_Site.csproj", "{26A61601-C2F2-4078-B0A7-BCE7C497ED7D}"
EndProject
Project("{2150E333-8FDC-42A3-9474-1A3956D46DE8}") = "PublishScripts", "PublishScripts", "{C1F21071-37DD-4CDF-AB31-DA733D214C75}"
	ProjectSection(SolutionItems) = preProject
		PublishScripts\AzureVMPublishModule.psm1 = PublishScripts\AzureVMPublishModule.psm1
		PublishScripts\Publish-WebApplicationVM.ps1 = PublishScripts\Publish-WebApplicationVM.ps1
	EndProjectSection
EndProject
Project("{2150E333-8FDC-42A3-9474-1A3956D46DE8}") = "Configurations", "Configurations", "{515671AB-655C-4221-A733-EDD8F51CE877}"
	ProjectSection(SolutionItems) = preProject
		PublishScripts\Configurations\Tune_Site-VM-dev.json = PublishScripts\Configurations\Tune_Site-VM-dev.json
	EndProjectSection
EndProject
Global
	GlobalSection(SolutionConfigurationPlatforms) = preSolution
		Debug|Any CPU = Debug|Any CPU
		Release|Any CPU = Release|Any CPU
	EndGlobalSection
	GlobalSection(ProjectConfigurationPlatforms) = postSolution
		{26A61601-C2F2-4078-B0A7-BCE7C497ED7D}.Debug|Any CPU.ActiveCfg = Debug|Any CPU
		{26A61601-C2F2-4078-B0A7-BCE7C497ED7D}.Debug|Any CPU.Build.0 = Debug|Any CPU
		{26A61601-C2F2-4078-B0A7-BCE7C497ED7D}.Release|Any CPU.ActiveCfg = Release|Any CPU
		{26A61601-C2F2-4078-B0A7-BCE7C497ED7D}.Release|Any CPU.Build.0 = Release|Any CPU
	EndGlobalSection
	GlobalSection(SolutionProperties) = preSolution
		HideSolutionNode = FALSE
	EndGlobalSection
	GlobalSection(NestedProjects) = preSolution
		{515671AB-655C-4221-A733-EDD8F51CE877} = {C1F21071-37DD-4CDF-AB31-DA733D214C75}
	EndGlobalSection
EndGlobal
